
Microsoft Visual Studio Solution File, Format Version 12.00
# Visual Studio Version 17
VisualStudioVersion = 17.6.33723.286
MinimumVisualStudioVersion = 10.0.40219.1
Project("{9A19103F-16F7-4668-BE54-9A1E7A4F7556}") = "DevicesAPI", "CarStatisticsAPI\DevicesAPI.csproj", "{516C1AD3-FB1A-461F-8515-270DE5833D45}"
EndProject
Project("{9A19103F-16F7-4668-BE54-9A1E7A4F7556}") = "Devices.Core", "CarStatistics.Core\Devices.Core.csproj", "{0935E956-AC6F-49EF-B07F-D73A8823CA1C}"
EndProject
Project("{9A19103F-16F7-4668-BE54-9A1E7A4F7556}") = "Devices.Data", "CarStatistics.Data\Devices.Data.csproj", "{F97FF9D5-0CFA-45E2-B639-DD6F73DE3666}"
EndProject
Project("{9A19103F-16F7-4668-BE54-9A1E7A4F7556}") = "Devices.Services", "CarStatistics.Services\Devices.Services.csproj", "{E15C5E26-4F13-4298-80D5-E5C4AA674766}"
EndProject
Global
	GlobalSection(SolutionConfigurationPlatforms) = preSolution
		Debug|Any CPU = Debug|Any CPU
		Release|Any CPU = Release|Any CPU
	EndGlobalSection
	GlobalSection(ProjectConfigurationPlatforms) = postSolution
		{516C1AD3-FB1A-461F-8515-270DE5833D45}.Debug|Any CPU.ActiveCfg = Debug|Any CPU
		{516C1AD3-FB1A-461F-8515-270DE5833D45}.Debug|Any CPU.Build.0 = Debug|Any CPU
		{516C1AD3-FB1A-461F-8515-270DE5833D45}.Release|Any CPU.ActiveCfg = Release|Any CPU
		{516C1AD3-FB1A-461F-8515-270DE5833D45}.Release|Any CPU.Build.0 = Release|Any CPU
		{0935E956-AC6F-49EF-B07F-D73A8823CA1C}.Debug|Any CPU.ActiveCfg = Debug|Any CPU
		{0935E956-AC6F-49EF-B07F-D73A8823CA1C}.Debug|Any CPU.Build.0 = Debug|Any CPU
		{0935E956-AC6F-49EF-B07F-D73A8823CA1C}.Release|Any CPU.ActiveCfg = Release|Any CPU
		{0935E956-AC6F-49EF-B07F-D73A8823CA1C}.Release|Any CPU.Build.0 = Release|Any CPU
		{F97FF9D5-0CFA-45E2-B639-DD6F73DE3666}.Debug|Any CPU.ActiveCfg = Debug|Any CPU
		{F97FF9D5-0CFA-45E2-B639-DD6F73DE3666}.Debug|Any CPU.Build.0 = Debug|Any CPU
		{F97FF9D5-0CFA-45E2-B639-DD6F73DE3666}.Release|Any CPU.ActiveCfg = Release|Any CPU
		{F97FF9D5-0CFA-45E2-B639-DD6F73DE3666}.Release|Any CPU.Build.0 = Release|Any CPU
		{E15C5E26-4F13-4298-80D5-E5C4AA674766}.Debug|Any CPU.ActiveCfg = Debug|Any CPU
		{E15C5E26-4F13-4298-80D5-E5C4AA674766}.Debug|Any CPU.Build.0 = Debug|Any CPU
		{E15C5E26-4F13-4298-80D5-E5C4AA674766}.Release|Any CPU.ActiveCfg = Release|Any CPU
		{E15C5E26-4F13-4298-80D5-E5C4AA674766}.Release|Any CPU.Build.0 = Release|Any CPU
	EndGlobalSection
	GlobalSection(SolutionProperties) = preSolution
		HideSolutionNode = FALSE
	EndGlobalSection
	GlobalSection(ExtensibilityGlobals) = postSolution
		SolutionGuid = {8929EBE1-6F94-403D-8C69-F1BE41C6C8BA}
	EndGlobalSection
EndGlobal
